
Microsoft Visual Studio Solution File, Format Version 12.00
# Visual Studio Version 16
VisualStudioVersion = 16.0.30804.86
MinimumVisualStudioVersion = 10.0.40219.1
Project("{F184B08F-C81C-45F6-A57F-5ABD9991F28F}") = "3dEnet5", "3dEnet5.vbproj", "{5383BC3A-070C-4B61-BAE8-0956AE939C6E}"
EndProject
Global
	GlobalSection(SolutionConfigurationPlatforms) = preSolution
		Debug|Any CPU = Debug|Any CPU
		Release|Any CPU = Release|Any CPU
	EndGlobalSection
	GlobalSection(ProjectConfigurationPlatforms) = postSolution
		{5383BC3A-070C-4B61-BAE8-0956AE939C6E}.Debug|Any CPU.ActiveCfg = Debug|Any CPU
		{5383BC3A-070C-4B61-BAE8-0956AE939C6E}.Debug|Any CPU.Build.0 = Debug|Any CPU
		{5383BC3A-070C-4B61-BAE8-0956AE939C6E}.Release|Any CPU.ActiveCfg = Release|Any CPU
		{5383BC3A-070C-4B61-BAE8-0956AE939C6E}.Release|Any CPU.Build.0 = Release|Any CPU
	EndGlobalSection
	GlobalSection(SolutionProperties) = preSolution
		HideSolutionNode = FALSE
	EndGlobalSection
	GlobalSection(ExtensibilityGlobals) = postSolution
		SolutionGuid = {AE36933A-6D79-4B4A-91C1-465B553C6656}
	EndGlobalSection
EndGlobal
